{
  "name": "forum",
  "version": "1.0.0",
  "lockfileVersion": 1,
  "requires": true,
  "dependencies": {
    "autosize": {
      "version": "4.0.2",
      "resolved": "https://registry.npmjs.org/autosize/-/autosize-4.0.2.tgz",
      "integrity": "sha512-jnSyH2d+qdfPGpWlcuhGiHmqBJ6g3X+8T+iRwFrHPLVcdoGJE/x6Qicm6aDHfTsbgZKxyV8UU/YB2p4cjKDRRA=="
    },
    "sweetalert2": {
      "version": "7.28.5",
      "resolved": "https://registry.npmjs.org/sweetalert2/-/sweetalert2-7.28.5.tgz",
      "integrity": "sha512-JGoBGshmyx2yKastGfpeT9ldmL4pH5imF2Difml9DzqKTquO4nHb1kkbxjkJPD+1AsQSbgLaE5wBT8ggKRiNWQ=="
    }
  }
}
